// !$*UTF8*$!
{
	archiveVersion = 1;
	classes = {
	};
	objectVersion = 46;
	objects = {

/* Begin PBXBuildFile section */
		5B5EF6D01E79A45C000EBDF2 /* Cocoa.framework in Frameworks */ = {isa = PBXBuildFile; fileRef = 5B5EF6CF1E79A45C000EBDF2 /* Cocoa.framework */; };
		5B6B420B1E79A56E006E4203 /* PyRunPlugIn.m in Sources */ = {isa = PBXBuildFile; fileRef = 5B6B420A1E79A56E006E4203 /* PyRunPlugIn.m */; };
		5BBC20FF1E79D7580081FB42 /* PyRunSettings.xib in Resources */ = {isa = PBXBuildFile; fileRef = 5BBC20FE1E79D7580081FB42 /* PyRunSettings.xib */; };
		5BFCDBD11E7B01000019B40C /* NTBTask.m in Sources */ = {isa = PBXBuildFile; fileRef = 5BFCDBD01E7B01000019B40C /* NTBTask.m */; };
/* End PBXBuildFile section */

/* Begin PBXFileReference section */
		5B5EF6C41E79A34B000EBDF2 /* PyRun.codaplugin */ = {isa = PBXFileReference; explicitFileType = wrapper.cfbundle; includeInIndex = 0; path = PyRun.codaplugin; sourceTree = BUILT_PRODUCTS_DIR; };
		5B5EF6C71E79A34B000EBDF2 /* Info.plist */ = {isa = PBXFileReference; lastKnownFileType = text.plist.xml; path = Info.plist; sourceTree = "<group>"; };
		5B5EF6CD1E79A40C000EBDF2 /* CodaPlugInsController.h */ = {isa = PBXFileReference; lastKnownFileType = sourcecode.c.h; path = CodaPlugInsController.h; sourceTree = "<group>"; };
		5B5EF6CF1E79A45C000EBDF2 /* Cocoa.framework */ = {isa = PBXFileReference; lastKnownFileType = wrapper.framework; name = Cocoa.framework; path = System/Library/Frameworks/Cocoa.framework; sourceTree = SDKROOT; };
		5B6B42091E79A56E006E4203 /* PyRunPlugIn.h */ = {isa = PBXFileReference; fileEncoding = 4; lastKnownFileType = sourcecode.c.h; path = PyRunPlugIn.h; sourceTree = "<group>"; };
		5B6B420A1E79A56E006E4203 /* PyRunPlugIn.m */ = {isa = PBXFileReference; fileEncoding = 4; lastKnownFileType = sourcecode.c.objc; path = PyRunPlugIn.m; sourceTree = "<group>"; };
		5BBC20FE1E79D7580081FB42 /* PyRunSettings.xib */ = {isa = PBXFileReference; fileEncoding = 4; lastKnownFileType = file.xib; path = PyRunSettings.xib; sourceTree = "<group>"; };
		5BFCDBCF1E7B01000019B40C /* NTBTask.h */ = {isa = PBXFileReference; fileEncoding = 4; lastKnownFileType = sourcecode.c.h; path = NTBTask.h; sourceTree = "<group>"; };
		5BFCDBD01E7B01000019B40C /* NTBTask.m */ = {isa = PBXFileReference; fileEncoding = 4; lastKnownFileType = sourcecode.c.objc; path = NTBTask.m; sourceTree = "<group>"; };
/* End PBXFileReference section */

/* Begin PBXFrameworksBuildPhase section */
		5B5EF6C11E79A34B000EBDF2 /* Frameworks */ = {
			isa = PBXFrameworksBuildPhase;
			buildActionMask = 2147483647;
			files = (
				5B5EF6D01E79A45C000EBDF2 /* Cocoa.framework in Frameworks */,
			);
			runOnlyForDeploymentPostprocessing = 0;
		};
/* End PBXFrameworksBuildPhase section */

/* Begin PBXGroup section */
		5B5EF6BB1E79A34B000EBDF2 = {
			isa = PBXGroup;
			children = (
				5B5EF6C61E79A34B000EBDF2 /* PyRun */,
				5B5EF6C51E79A34B000EBDF2 /* Products */,
				5B5EF6CE1E79A45B000EBDF2 /* Frameworks */,
			);
			sourceTree = "<group>";
		};
		5B5EF6C51E79A34B000EBDF2 /* Products */ = {
			isa = PBXGroup;
			children = (
				5B5EF6C41E79A34B000EBDF2 /* PyRun.codaplugin */,
			);
			name = Products;
			sourceTree = "<group>";
		};
		5B5EF6C61E79A34B000EBDF2 /* PyRun */ = {
			isa = PBXGroup;
			children = (
				5BFCDBCF1E7B01000019B40C /* NTBTask.h */,
				5BFCDBD01E7B01000019B40C /* NTBTask.m */,
				5B5EF6CD1E79A40C000EBDF2 /* CodaPlugInsController.h */,
				5B6B42091E79A56E006E4203 /* PyRunPlugIn.h */,
				5B6B420A1E79A56E006E4203 /* PyRunPlugIn.m */,
				5B5EF6C71E79A34B000EBDF2 /* Info.plist */,
				5BBC20FE1E79D7580081FB42 /* PyRunSettings.xib */,
			);
			path = PyRun;
			sourceTree = "<group>";
		};
		5B5EF6CE1E79A45B000EBDF2 /* Frameworks */ = {
			isa = PBXGroup;
			children = (
				5B5EF6CF1E79A45C000EBDF2 /* Cocoa.framework */,
			);
			name = Frameworks;
			sourceTree = "<group>";
		};
/* End PBXGroup section */

/* Begin PBXNativeTarget section */
		5B5EF6C31E79A34B000EBDF2 /* PyRun */ = {
			isa = PBXNativeTarget;
			buildConfigurationList = 5B5EF6CA1E79A34B000EBDF2 /* Build configuration list for PBXNativeTarget "PyRun" */;
			buildPhases = (
				5B5EF6C01E79A34B000EBDF2 /* Sources */,
				5B5EF6C11E79A34B000EBDF2 /* Frameworks */,
				5B5EF6C21E79A34B000EBDF2 /* Resources */,
				5B6B420D1E79B2B5006E4203 /* ShellScript */,
			);
			buildRules = (
			);
			dependencies = (
			);
			name = PyRun;
			productName = PyRun;
			productReference = 5B5EF6C41E79A34B000EBDF2 /* PyRun.codaplugin */;
			productType = "com.apple.product-type.bundle";
		};
/* End PBXNativeTarget section */

/* Begin PBXProject section */
		5B5EF6BC1E79A34B000EBDF2 /* Project object */ = {
			isa = PBXProject;
			attributes = {
				LastUpgradeCheck = 0820;
				ORGANIZATIONNAME = micropixels;
				TargetAttributes = {
					5B5EF6C31E79A34B000EBDF2 = {
						CreatedOnToolsVersion = 8.2.1;
						ProvisioningStyle = Automatic;
					};
				};
			};
			buildConfigurationList = 5B5EF6BF1E79A34B000EBDF2 /* Build configuration list for PBXProject "PyRun" */;
			compatibilityVersion = "Xcode 3.2";
			developmentRegion = English;
			hasScannedForEncodings = 0;
			knownRegions = (
				en,
			);
			mainGroup = 5B5EF6BB1E79A34B000EBDF2;
			productRefGroup = 5B5EF6C51E79A34B000EBDF2 /* Products */;
			projectDirPath = "";
			projectRoot = "";
			targets = (
				5B5EF6C31E79A34B000EBDF2 /* PyRun */,
			);
		};
/* End PBXProject section */

/* Begin PBXResourcesBuildPhase section */
		5B5EF6C21E79A34B000EBDF2 /* Resources */ = {
			isa = PBXResourcesBuildPhase;
			buildActionMask = 2147483647;
			files = (
				5BBC20FF1E79D7580081FB42 /* PyRunSettings.xib in Resources */,
			);
			runOnlyForDeploymentPostprocessing = 0;
		};
/* End PBXResourcesBuildPhase section */

/* Begin PBXShellScriptBuildPhase section */
		5B6B420D1E79B2B5006E4203 /* ShellScript */ = {
			isa = PBXShellScriptBuildPhase;
			buildActionMask = 2147483647;
			files = (
			);
			inputPaths = (
			);
			outputPaths = (
			);
			runOnlyForDeploymentPostprocessing = 0;
			shellPath = /bin/sh;
			shellScript = "cp -R -f \"$BUILD_DIR/$CONFIGURATION/$PRODUCT_NAME.$WRAPPER_EXTENSION\" \"$HOME/Library/Application Support/Coda 2/Plug-ins\"";
		};
/* End PBXShellScriptBuildPhase section */

/* Begin PBXSourcesBuildPhase section */
		5B5EF6C01E79A34B000EBDF2 /* Sources */ = {
			isa = PBXSourcesBuildPhase;
			buildActionMask = 2147483647;
			files = (
				5B6B420B1E79A56E006E4203 /* PyRunPlugIn.m in Sources */,
				5BFCDBD11E7B01000019B40C /* NTBTask.m in Sources */,
			);
			runOnlyForDeploymentPostprocessing = 0;
		};
/* End PBXSourcesBuildPhase section */

/* Begin XCBuildConfiguration section */
		5B5EF6C81E79A34B000EBDF2 /* Debug */ = {
			isa = XCBuildConfiguration;
			buildSettings = {
				ALWAYS_SEARCH_USER_PATHS = NO;
				CLANG_ANALYZER_NONNULL = YES;
				CLANG_CXX_LANGUAGE_STANDARD = "gnu++0x";
				CLANG_CXX_LIBRARY = "libc++";
				CLANG_ENABLE_MODULES = YES;
				CLANG_ENABLE_OBJC_ARC = YES;
				CLANG_WARN_BOOL_CONVERSION = YES;
				CLANG_WARN_CONSTANT_CONVERSION = YES;
				CLANG_WARN_DIRECT_OBJC_ISA_USAGE = YES_ERROR;
				CLANG_WARN_DOCUMENTATION_COMMENTS = YES;
				CLANG_WARN_EMPTY_BODY = YES;
				CLANG_WARN_ENUM_CONVERSION = YES;
				CLANG_WARN_INFINITE_RECURSION = YES;
				CLANG_WARN_INT_CONVERSION = YES;
				CLANG_WARN_OBJC_ROOT_CLASS = YES_ERROR;
				CLANG_WARN_SUSPICIOUS_MOVE = YES;
				CLANG_WARN_UNREACHABLE_CODE = YES;
				CLANG_WARN__DUPLICATE_METHOD_MATCH = YES;
				CODE_SIGN_IDENTITY = "-";
				COPY_PHASE_STRIP = NO;
				DEBUG_INFORMATION_FORMAT = dwarf;
				ENABLE_STRICT_OBJC_MSGSEND = YES;
				ENABLE_TESTABILITY = YES;
				GCC_C_LANGUAGE_STANDARD = gnu99;
				GCC_DYNAMIC_NO_PIC = NO;
				GCC_NO_COMMON_BLOCKS = YES;
				GCC_OPTIMIZATION_LEVEL = 0;
				GCC_PREPROCESSOR_DEFINITIONS = (
					"DEBUG=1",
					"$(inherited)",
				);
				GCC_WARN_64_TO_32_BIT_CONVERSION = YES;
				GCC_WARN_ABOUT_RETURN_TYPE = YES_ERROR;
				GCC_WARN_UNDECLARED_SELECTOR = YES;
				GCC_WARN_UNINITIALIZED_AUTOS = YES_AGGRESSIVE;
				GCC_WARN_UNUSED_FUNCTION = YES;
				GCC_WARN_UNUSED_VARIABLE = YES;
				MACOSX_DEPLOYMENT_TARGET = 10.12;
				MTL_ENABLE_DEBUG_INFO = YES;
				ONLY_ACTIVE_ARCH = YES;
				SDKROOT = macosx;
			};
			name = Debug;
		};
		5B5EF6C91E79A34B000EBDF2 /* Release */ = {
			isa = XCBuildConfiguration;
			buildSettings = {
				ALWAYS_SEARCH_USER_PATHS = NO;
				CLANG_ANALYZER_NONNULL = YES;
				CLANG_CXX_LANGUAGE_STANDARD = "gnu++0x";
				CLANG_CXX_LIBRARY = "libc++";
				CLANG_ENABLE_MODULES = YES;
				CLANG_ENABLE_OBJC_ARC = YES;
				CLANG_WARN_BOOL_CONVERSION = YES;
				CLANG_WARN_CONSTANT_CONVERSION = YES;
				CLANG_WARN_DIRECT_OBJC_ISA_USAGE = YES_ERROR;
				CLANG_WARN_DOCUMENTATION_COMMENTS = YES;
				CLANG_WARN_EMPTY_BODY = YES;
				CLANG_WARN_ENUM_CONVERSION = YES;
				CLANG_WARN_INFINITE_RECURSION = YES;
				CLANG_WARN_INT_CONVERSION = YES;
				CLANG_WARN_OBJC_ROOT_CLASS = YES_ERROR;
				CLANG_WARN_SUSPICIOUS_MOVE = YES;
				CLANG_WARN_UNREACHABLE_CODE = YES;
				CLANG_WARN__DUPLICATE_METHOD_MATCH = YES;
				CODE_SIGN_IDENTITY = "-";
				COPY_PHASE_STRIP = NO;
				DEBUG_INFORMATION_FORMAT = "dwarf-with-dsym";
				ENABLE_NS_ASSERTIONS = NO;
				ENABLE_STRICT_OBJC_MSGSEND = YES;
				GCC_C_LANGUAGE_STANDARD = gnu99;
				GCC_NO_COMMON_BLOCKS = YES;
				GCC_WARN_64_TO_32_BIT_CONVERSION = YES;
				GCC_WARN_ABOUT_RETURN_TYPE = YES_ERROR;
				GCC_WARN_UNDECLARED_SELECTOR = YES;
				GCC_WARN_UNINITIALIZED_AUTOS = YES_AGGRESSIVE;
				GCC_WARN_UNUSED_FUNCTION = YES;
				GCC_WARN_UNUSED_VARIABLE = YES;
				MACOSX_DEPLOYMENT_TARGET = 10.12;
				MTL_ENABLE_DEBUG_INFO = NO;
				SDKROOT = macosx;
			};
			name = Release;
		};
		5B5EF6CB1E79A34B000EBDF2 /* Debug */ = {
			isa = XCBuildConfiguration;
			buildSettings = {
				CODE_SIGN_IDENTITY = "";
				COMBINE_HIDPI_IMAGES = YES;
				DEVELOPMENT_TEAM = "";
				DSTROOT = "$(HOME)/Library/Application Support/Coda/PlugIns";
				INFOPLIST_FILE = PyRun/Info.plist;
				INSTALL_PATH = "";
				MACOSX_DEPLOYMENT_TARGET = 10.10;
				PRODUCT_BUNDLE_IDENTIFIER = pl.micropixels.PyRun;
				PRODUCT_NAME = "$(TARGET_NAME)";
				SKIP_INSTALL = NO;
				WRAPPER_EXTENSION = codaplugin;
			};
			name = Debug;
		};
		5B5EF6CC1E79A34B000EBDF2 /* Release */ = {
			isa = XCBuildConfiguration;
			buildSettings = {
				CODE_SIGN_IDENTITY = "";
				COMBINE_HIDPI_IMAGES = YES;
				DEVELOPMENT_TEAM = "";
				DSTROOT = "$(HOME)/Library/Application Support/Coda/PlugIns";
				INFOPLIST_FILE = PyRun/Info.plist;
				INSTALL_PATH = "";
				MACOSX_DEPLOYMENT_TARGET = 10.10;
				PRODUCT_BUNDLE_IDENTIFIER = pl.micropixels.PyRun;
				PRODUCT_NAME = "$(TARGET_NAME)";
				SKIP_INSTALL = NO;
				WRAPPER_EXTENSION = codaplugin;
			};
			name = Release;
		};
/* End XCBuildConfiguration section */

/* Begin XCConfigurationList section */
		5B5EF6BF1E79A34B000EBDF2 /* Build configuration list for PBXProject "PyRun" */ = {
			isa = XCConfigurationList;
			buildConfigurations = (
				5B5EF6C81E79A34B000EBDF2 /* Debug */,
				5B5EF6C91E79A34B000EBDF2 /* Release */,
			);
			defaultConfigurationIsVisible = 0;
			defaultConfigurationName = Release;
		};
		5B5EF6CA1E79A34B000EBDF2 /* Build configuration list for PBXNativeTarget "PyRun" */ = {
			isa = XCConfigurationList;
			buildConfigurations = (
				5B5EF6CB1E79A34B000EBDF2 /* Debug */,
				5B5EF6CC1E79A34B000EBDF2 /* Release */,
			);
			defaultConfigurationIsVisible = 0;
			defaultConfigurationName = Release;
		};
/* End XCConfigurationList section */
	};
	rootObject = 5B5EF6BC1E79A34B000EBDF2 /* Project object */;
}
